// !$*UTF8*$!
{
	archiveVersion = 1;
	classes = {
	};
	objectVersion = 50;
	objects = {

/* Begin PBXBuildFile section */
		113465BCFA65C123E73F178C /* Pods_myLearningSwiftUI.framework in Frameworks */ = {isa = PBXBuildFile; fileRef = CDE86455DF2EC6CEC3AF5859 /* Pods_myLearningSwiftUI.framework */; };
		7CAC6F43B4C0BC02DAC18616 /* Pods_myLearningSwiftUI_myLearningSwiftUIUITests.framework in Frameworks */ = {isa = PBXBuildFile; fileRef = 8187EE9F371717A125B5497D /* Pods_myLearningSwiftUI_myLearningSwiftUIUITests.framework */; };
		9127893126F3F7E600E6EA96 /* Login.swift in Sources */ = {isa = PBXBuildFile; fileRef = 9127893026F3F7E600E6EA96 /* Login.swift */; };
		9127893426F4030800E6EA96 /* Calculator.swift in Sources */ = {isa = PBXBuildFile; fileRef = 9127893326F4030800E6EA96 /* Calculator.swift */; };
		9144DC3226F3AA3F00398BA2 /* AppDelegate.swift in Sources */ = {isa = PBXBuildFile; fileRef = 9144DC3126F3AA3F00398BA2 /* AppDelegate.swift */; };
		9144DC3426F3AA3F00398BA2 /* SceneDelegate.swift in Sources */ = {isa = PBXBuildFile; fileRef = 9144DC3326F3AA3F00398BA2 /* SceneDelegate.swift */; };
		9144DC3626F3AA3F00398BA2 /* ContentView.swift in Sources */ = {isa = PBXBuildFile; fileRef = 9144DC3526F3AA3F00398BA2 /* ContentView.swift */; };
		9144DC3826F3AA4100398BA2 /* Assets.xcassets in Resources */ = {isa = PBXBuildFile; fileRef = 9144DC3726F3AA4100398BA2 /* Assets.xcassets */; };
		9144DC3B26F3AA4100398BA2 /* Preview Assets.xcassets in Resources */ = {isa = PBXBuildFile; fileRef = 9144DC3A26F3AA4100398BA2 /* Preview Assets.xcassets */; };
		9144DC3E26F3AA4100398BA2 /* LaunchScreen.storyboard in Resources */ = {isa = PBXBuildFile; fileRef = 9144DC3C26F3AA4100398BA2 /* LaunchScreen.storyboard */; };
		9144DC4926F3AA4100398BA2 /* myLearningSwiftUITests.swift in Sources */ = {isa = PBXBuildFile; fileRef = 9144DC4826F3AA4100398BA2 /* myLearningSwiftUITests.swift */; };
		9144DC5426F3AA4100398BA2 /* myLearningSwiftUIUITests.swift in Sources */ = {isa = PBXBuildFile; fileRef = 9144DC5326F3AA4100398BA2 /* myLearningSwiftUIUITests.swift */; };
		91BDC8BB277D2B3B00C10356 /* ReduxView.swift in Sources */ = {isa = PBXBuildFile; fileRef = 91BDC8BA277D2B3B00C10356 /* ReduxView.swift */; };
		D38511C8F6B9A286942002BF /* Pods_myLearningSwiftUITests.framework in Frameworks */ = {isa = PBXBuildFile; fileRef = CF73FE4313F303614FEA8019 /* Pods_myLearningSwiftUITests.framework */; };
/* End PBXBuildFile section */

/* Begin PBXContainerItemProxy section */
		9144DC4526F3AA4100398BA2 /* PBXContainerItemProxy */ = {
			isa = PBXContainerItemProxy;
			containerPortal = 9144DC2626F3AA3F00398BA2 /* Project object */;
			proxyType = 1;
			remoteGlobalIDString = 9144DC2D26F3AA3F00398BA2;
			remoteInfo = myLearningSwiftUI;
		};
		9144DC5026F3AA4100398BA2 /* PBXContainerItemProxy */ = {
			isa = PBXContainerItemProxy;
			containerPortal = 9144DC2626F3AA3F00398BA2 /* Project object */;
			proxyType = 1;
			remoteGlobalIDString = 9144DC2D26F3AA3F00398BA2;
			remoteInfo = myLearningSwiftUI;
		};
/* End PBXContainerItemProxy section */

/* Begin PBXFileReference section */
		16D902511F8274738B7DB3E4 /* Pods-myLearningSwiftUI.release.xcconfig */ = {isa = PBXFileReference; includeInIndex = 1; lastKnownFileType = text.xcconfig; name = "Pods-myLearningSwiftUI.release.xcconfig"; path = "Target Support Files/Pods-myLearningSwiftUI/Pods-myLearningSwiftUI.release.xcconfig"; sourceTree = "<group>"; };
		2B17C97EB42716A85E84F3FA /* Pods-myLearningSwiftUITests.debug.xcconfig */ = {isa = PBXFileReference; includeInIndex = 1; lastKnownFileType = text.xcconfig; name = "Pods-myLearningSwiftUITests.debug.xcconfig"; path = "Target Support Files/Pods-myLearningSwiftUITests/Pods-myLearningSwiftUITests.debug.xcconfig"; sourceTree = "<group>"; };
		8187EE9F371717A125B5497D /* Pods_myLearningSwiftUI_myLearningSwiftUIUITests.framework */ = {isa = PBXFileReference; explicitFileType = wrapper.framework; includeInIndex = 0; path = Pods_myLearningSwiftUI_myLearningSwiftUIUITests.framework; sourceTree = BUILT_PRODUCTS_DIR; };
		83514C24554B10273A981EEF /* Pods-myLearningSwiftUITests.release.xcconfig */ = {isa = PBXFileReference; includeInIndex = 1; lastKnownFileType = text.xcconfig; name = "Pods-myLearningSwiftUITests.release.xcconfig"; path = "Target Support Files/Pods-myLearningSwiftUITests/Pods-myLearningSwiftUITests.release.xcconfig"; sourceTree = "<group>"; };
		9127893026F3F7E600E6EA96 /* Login.swift */ = {isa = PBXFileReference; lastKnownFileType = sourcecode.swift; path = Login.swift; sourceTree = "<group>"; };
		9127893326F4030800E6EA96 /* Calculator.swift */ = {isa = PBXFileReference; lastKnownFileType = sourcecode.swift; path = Calculator.swift; sourceTree = "<group>"; };
		9144DC2E26F3AA3F00398BA2 /* myLearningSwiftUI.app */ = {isa = PBXFileReference; explicitFileType = wrapper.application; includeInIndex = 0; path = myLearningSwiftUI.app; sourceTree = BUILT_PRODUCTS_DIR; };
		9144DC3126F3AA3F00398BA2 /* AppDelegate.swift */ = {isa = PBXFileReference; lastKnownFileType = sourcecode.swift; path = AppDelegate.swift; sourceTree = "<group>"; };
		9144DC3326F3AA3F00398BA2 /* SceneDelegate.swift */ = {isa = PBXFileReference; lastKnownFileType = sourcecode.swift; path = SceneDelegate.swift; sourceTree = "<group>"; };
		9144DC3526F3AA3F00398BA2 /* ContentView.swift */ = {isa = PBXFileReference; lastKnownFileType = sourcecode.swift; path = ContentView.swift; sourceTree = "<group>"; };
		9144DC3726F3AA4100398BA2 /* Assets.xcassets */ = {isa = PBXFileReference; lastKnownFileType = folder.assetcatalog; path = Assets.xcassets; sourceTree = "<group>"; };
		9144DC3A26F3AA4100398BA2 /* Preview Assets.xcassets */ = {isa = PBXFileReference; lastKnownFileType = folder.assetcatalog; path = "Preview Assets.xcassets"; sourceTree = "<group>"; };
		9144DC3D26F3AA4100398BA2 /* Base */ = {isa = PBXFileReference; lastKnownFileType = file.storyboard; name = Base; path = Base.lproj/LaunchScreen.storyboard; sourceTree = "<group>"; };
		9144DC3F26F3AA4100398BA2 /* Info.plist */ = {isa = PBXFileReference; lastKnownFileType = text.plist.xml; path = Info.plist; sourceTree = "<group>"; };
		9144DC4426F3AA4100398BA2 /* myLearningSwiftUITests.xctest */ = {isa = PBXFileReference; explicitFileType = wrapper.cfbundle; includeInIndex = 0; path = myLearningSwiftUITests.xctest; sourceTree = BUILT_PRODUCTS_DIR; };
		9144DC4826F3AA4100398BA2 /* myLearningSwiftUITests.swift */ = {isa = PBXFileReference; lastKnownFileType = sourcecode.swift; path = myLearningSwiftUITests.swift; sourceTree = "<group>"; };
		9144DC4A26F3AA4100398BA2 /* Info.plist */ = {isa = PBXFileReference; lastKnownFileType = text.plist.xml; path = Info.plist; sourceTree = "<group>"; };
		9144DC4F26F3AA4100398BA2 /* myLearningSwiftUIUITests.xctest */ = {isa = PBXFileReference; explicitFileType = wrapper.cfbundle; includeInIndex = 0; path = myLearningSwiftUIUITests.xctest; sourceTree = BUILT_PRODUCTS_DIR; };
		9144DC5326F3AA4100398BA2 /* myLearningSwiftUIUITests.swift */ = {isa = PBXFileReference; lastKnownFileType = sourcecode.swift; path = myLearningSwiftUIUITests.swift; sourceTree = "<group>"; };
		9144DC5526F3AA4100398BA2 /* Info.plist */ = {isa = PBXFileReference; lastKnownFileType = text.plist.xml; path = Info.plist; sourceTree = "<group>"; };
		91BDC8BA277D2B3B00C10356 /* ReduxView.swift */ = {isa = PBXFileReference; lastKnownFileType = sourcecode.swift; path = ReduxView.swift; sourceTree = "<group>"; };
		AEBE8414383CFA43657EEDB6 /* Pods-myLearningSwiftUI-myLearningSwiftUIUITests.release.xcconfig */ = {isa = PBXFileReference; includeInIndex = 1; lastKnownFileType = text.xcconfig; name = "Pods-myLearningSwiftUI-myLearningSwiftUIUITests.release.xcconfig"; path = "Target Support Files/Pods-myLearningSwiftUI-myLearningSwiftUIUITests/Pods-myLearningSwiftUI-myLearningSwiftUIUITests.release.xcconfig"; sourceTree = "<group>"; };
		CDE86455DF2EC6CEC3AF5859 /* Pods_myLearningSwiftUI.framework */ = {isa = PBXFileReference; explicitFileType = wrapper.framework; includeInIndex = 0; path = Pods_myLearningSwiftUI.framework; sourceTree = BUILT_PRODUCTS_DIR; };
		CF73FE4313F303614FEA8019 /* Pods_myLearningSwiftUITests.framework */ = {isa = PBXFileReference; explicitFileType = wrapper.framework; includeInIndex = 0; path = Pods_myLearningSwiftUITests.framework; sourceTree = BUILT_PRODUCTS_DIR; };
		E1D538D5AF8FFC2D0D71828C /* Pods-myLearningSwiftUI.debug.xcconfig */ = {isa = PBXFileReference; includeInIndex = 1; lastKnownFileType = text.xcconfig; name = "Pods-myLearningSwiftUI.debug.xcconfig"; path = "Target Support Files/Pods-myLearningSwiftUI/Pods-myLearningSwiftUI.debug.xcconfig"; sourceTree = "<group>"; };
		FD9FAE43DC6497FF7D9E0597 /* Pods-myLearningSwiftUI-myLearningSwiftUIUITests.debug.xcconfig */ = {isa = PBXFileReference; includeInIndex = 1; lastKnownFileType = text.xcconfig; name = "Pods-myLearningSwiftUI-myLearningSwiftUIUITests.debug.xcconfig"; path = "Target Support Files/Pods-myLearningSwiftUI-myLearningSwiftUIUITests/Pods-myLearningSwiftUI-myLearningSwiftUIUITests.debug.xcconfig"; sourceTree = "<group>"; };
/* End PBXFileReference section */

/* Begin PBXFrameworksBuildPhase section */
		9144DC2B26F3AA3F00398BA2 /* Frameworks */ = {
			isa = PBXFrameworksBuildPhase;
			buildActionMask = 2147483647;
			files = (
				113465BCFA65C123E73F178C /* Pods_myLearningSwiftUI.framework in Frameworks */,
			);
			runOnlyForDeploymentPostprocessing = 0;
		};
		9144DC4126F3AA4100398BA2 /* Frameworks */ = {
			isa = PBXFrameworksBuildPhase;
			buildActionMask = 2147483647;
			files = (
				D38511C8F6B9A286942002BF /* Pods_myLearningSwiftUITests.framework in Frameworks */,
			);
			runOnlyForDeploymentPostprocessing = 0;
		};
		9144DC4C26F3AA4100398BA2 /* Frameworks */ = {
			isa = PBXFrameworksBuildPhase;
			buildActionMask = 2147483647;
			files = (
				7CAC6F43B4C0BC02DAC18616 /* Pods_myLearningSwiftUI_myLearningSwiftUIUITests.framework in Frameworks */,
			);
			runOnlyForDeploymentPostprocessing = 0;
		};
/* End PBXFrameworksBuildPhase section */

/* Begin PBXGroup section */
		326948532C41A433E9B4C91A /* Frameworks */ = {
			isa = PBXGroup;
			children = (
				CDE86455DF2EC6CEC3AF5859 /* Pods_myLearningSwiftUI.framework */,
				8187EE9F371717A125B5497D /* Pods_myLearningSwiftUI_myLearningSwiftUIUITests.framework */,
				CF73FE4313F303614FEA8019 /* Pods_myLearningSwiftUITests.framework */,
			);
			name = Frameworks;
			sourceTree = "<group>";
		};
		3E43D3FA24BFF0544F2245C2 /* Pods */ = {
			isa = PBXGroup;
			children = (
				E1D538D5AF8FFC2D0D71828C /* Pods-myLearningSwiftUI.debug.xcconfig */,
				16D902511F8274738B7DB3E4 /* Pods-myLearningSwiftUI.release.xcconfig */,
				FD9FAE43DC6497FF7D9E0597 /* Pods-myLearningSwiftUI-myLearningSwiftUIUITests.debug.xcconfig */,
				AEBE8414383CFA43657EEDB6 /* Pods-myLearningSwiftUI-myLearningSwiftUIUITests.release.xcconfig */,
				2B17C97EB42716A85E84F3FA /* Pods-myLearningSwiftUITests.debug.xcconfig */,
				83514C24554B10273A981EEF /* Pods-myLearningSwiftUITests.release.xcconfig */,
			);
			path = Pods;
			sourceTree = "<group>";
		};
		9127892D26F3F7C300E6EA96 /* Login */ = {
			isa = PBXGroup;
			children = (
				9127893026F3F7E600E6EA96 /* Login.swift */,
			);
			path = Login;
			sourceTree = "<group>";
		};
		9127893226F402FA00E6EA96 /* Calculator */ = {
			isa = PBXGroup;
			children = (
				9127893326F4030800E6EA96 /* Calculator.swift */,
			);
			path = Calculator;
			sourceTree = "<group>";
		};
		9144DC2526F3AA3F00398BA2 = {
			isa = PBXGroup;
			children = (
				9144DC3026F3AA3F00398BA2 /* myLearningSwiftUI */,
				9144DC4726F3AA4100398BA2 /* myLearningSwiftUITests */,
				9144DC5226F3AA4100398BA2 /* myLearningSwiftUIUITests */,
				9144DC2F26F3AA3F00398BA2 /* Products */,
				3E43D3FA24BFF0544F2245C2 /* Pods */,
				326948532C41A433E9B4C91A /* Frameworks */,
			);
			sourceTree = "<group>";
		};
		9144DC2F26F3AA3F00398BA2 /* Products */ = {
			isa = PBXGroup;
			children = (
				9144DC2E26F3AA3F00398BA2 /* myLearningSwiftUI.app */,
				9144DC4426F3AA4100398BA2 /* myLearningSwiftUITests.xctest */,
				9144DC4F26F3AA4100398BA2 /* myLearningSwiftUIUITests.xctest */,
			);
			name = Products;
			sourceTree = "<group>";
		};
		9144DC3026F3AA3F00398BA2 /* myLearningSwiftUI */ = {
			isa = PBXGroup;
			children = (
				91BDC8B9277D2B2800C10356 /* Redux */,
				9127893226F402FA00E6EA96 /* Calculator */,
				9127892D26F3F7C300E6EA96 /* Login */,
				9144DC3126F3AA3F00398BA2 /* AppDelegate.swift */,
				9144DC3326F3AA3F00398BA2 /* SceneDelegate.swift */,
				9144DC3526F3AA3F00398BA2 /* ContentView.swift */,
				9144DC3726F3AA4100398BA2 /* Assets.xcassets */,
				9144DC3C26F3AA4100398BA2 /* LaunchScreen.storyboard */,
				9144DC3F26F3AA4100398BA2 /* Info.plist */,
				9144DC3926F3AA4100398BA2 /* Preview Content */,
			);
			path = myLearningSwiftUI;
			sourceTree = "<group>";
		};
		9144DC3926F3AA4100398BA2 /* Preview Content */ = {
			isa = PBXGroup;
			children = (
				9144DC3A26F3AA4100398BA2 /* Preview Assets.xcassets */,
			);
			path = "Preview Content";
			sourceTree = "<group>";
		};
		9144DC4726F3AA4100398BA2 /* myLearningSwiftUITests */ = {
			isa = PBXGroup;
			children = (
				9144DC4826F3AA4100398BA2 /* myLearningSwiftUITests.swift */,
				9144DC4A26F3AA4100398BA2 /* Info.plist */,
			);
			path = myLearningSwiftUITests;
			sourceTree = "<group>";
		};
		9144DC5226F3AA4100398BA2 /* myLearningSwiftUIUITests */ = {
			isa = PBXGroup;
			children = (
				9144DC5326F3AA4100398BA2 /* myLearningSwiftUIUITests.swift */,
				9144DC5526F3AA4100398BA2 /* Info.plist */,
			);
			path = myLearningSwiftUIUITests;
			sourceTree = "<group>";
		};
		91BDC8B9277D2B2800C10356 /* Redux */ = {
			isa = PBXGroup;
			children = (
				91BDC8BA277D2B3B00C10356 /* ReduxView.swift */,
			);
			path = Redux;
			sourceTree = "<group>";
		};
/* End PBXGroup section */

/* Begin PBXNativeTarget section */
		9144DC2D26F3AA3F00398BA2 /* myLearningSwiftUI */ = {
			isa = PBXNativeTarget;
			buildConfigurationList = 9144DC5826F3AA4100398BA2 /* Build configuration list for PBXNativeTarget "myLearningSwiftUI" */;
			buildPhases = (
				00AD6393906924F8F6D6BC06 /* [CP] Check Pods Manifest.lock */,
				9144DC2A26F3AA3F00398BA2 /* Sources */,
				9144DC2B26F3AA3F00398BA2 /* Frameworks */,
				9144DC2C26F3AA3F00398BA2 /* Resources */,
			);
			buildRules = (
			);
			dependencies = (
			);
			name = myLearningSwiftUI;
			productName = myLearningSwiftUI;
			productReference = 9144DC2E26F3AA3F00398BA2 /* myLearningSwiftUI.app */;
			productType = "com.apple.product-type.application";
		};
		9144DC4326F3AA4100398BA2 /* myLearningSwiftUITests */ = {
			isa = PBXNativeTarget;
			buildConfigurationList = 9144DC5B26F3AA4100398BA2 /* Build configuration list for PBXNativeTarget "myLearningSwiftUITests" */;
			buildPhases = (
				33C6613EA0A1619462C4240C /* [CP] Check Pods Manifest.lock */,
				9144DC4026F3AA4100398BA2 /* Sources */,
				9144DC4126F3AA4100398BA2 /* Frameworks */,
				9144DC4226F3AA4100398BA2 /* Resources */,
			);
			buildRules = (
			);
			dependencies = (
				9144DC4626F3AA4100398BA2 /* PBXTargetDependency */,
			);
			name = myLearningSwiftUITests;
			productName = myLearningSwiftUITests;
			productReference = 9144DC4426F3AA4100398BA2 /* myLearningSwiftUITests.xctest */;
			productType = "com.apple.product-type.bundle.unit-test";
		};
		9144DC4E26F3AA4100398BA2 /* myLearningSwiftUIUITests */ = {
			isa = PBXNativeTarget;
			buildConfigurationList = 9144DC5E26F3AA4100398BA2 /* Build configuration list for PBXNativeTarget "myLearningSwiftUIUITests" */;
			buildPhases = (
				14057EFB5E54EBE338920A62 /* [CP] Check Pods Manifest.lock */,
				9144DC4B26F3AA4100398BA2 /* Sources */,
				9144DC4C26F3AA4100398BA2 /* Frameworks */,
				9144DC4D26F3AA4100398BA2 /* Resources */,
			);
			buildRules = (
			);
			dependencies = (
				9144DC5126F3AA4100398BA2 /* PBXTargetDependency */,
			);
			name = myLearningSwiftUIUITests;
			productName = myLearningSwiftUIUITests;
			productReference = 9144DC4F26F3AA4100398BA2 /* myLearningSwiftUIUITests.xctest */;
			productType = "com.apple.product-type.bundle.ui-testing";
		};
/* End PBXNativeTarget section */

/* Begin PBXProject section */
		9144DC2626F3AA3F00398BA2 /* Project object */ = {
			isa = PBXProject;
			attributes = {
				LastSwiftUpdateCheck = 1250;
				LastUpgradeCheck = 1250;
				TargetAttributes = {
					9144DC2D26F3AA3F00398BA2 = {
						CreatedOnToolsVersion = 12.5.1;
					};
					9144DC4326F3AA4100398BA2 = {
						CreatedOnToolsVersion = 12.5.1;
						TestTargetID = 9144DC2D26F3AA3F00398BA2;
					};
					9144DC4E26F3AA4100398BA2 = {
						CreatedOnToolsVersion = 12.5.1;
						TestTargetID = 9144DC2D26F3AA3F00398BA2;
					};
				};
			};
			buildConfigurationList = 9144DC2926F3AA3F00398BA2 /* Build configuration list for PBXProject "myLearningSwiftUI" */;
			compatibilityVersion = "Xcode 9.3";
			developmentRegion = en;
			hasScannedForEncodings = 0;
			knownRegions = (
				en,
				Base,
			);
			mainGroup = 9144DC2526F3AA3F00398BA2;
			productRefGroup = 9144DC2F26F3AA3F00398BA2 /* Products */;
			projectDirPath = "";
			projectRoot = "";
			targets = (
				9144DC2D26F3AA3F00398BA2 /* myLearningSwiftUI */,
				9144DC4326F3AA4100398BA2 /* myLearningSwiftUITests */,
				9144DC4E26F3AA4100398BA2 /* myLearningSwiftUIUITests */,
			);
		};
/* End PBXProject section */

/* Begin PBXResourcesBuildPhase section */
		9144DC2C26F3AA3F00398BA2 /* Resources */ = {
			isa = PBXResourcesBuildPhase;
			buildActionMask = 2147483647;
			files = (
				9144DC3E26F3AA4100398BA2 /* LaunchScreen.storyboard in Resources */,
				9144DC3B26F3AA4100398BA2 /* Preview Assets.xcassets in Resources */,
				9144DC3826F3AA4100398BA2 /* Assets.xcassets in Resources */,
			);
			runOnlyForDeploymentPostprocessing = 0;
		};
		9144DC4226F3AA4100398BA2 /* Resources */ = {
			isa = PBXResourcesBuildPhase;
			buildActionMask = 2147483647;
			files = (
			);
			runOnlyForDeploymentPostprocessing = 0;
		};
		9144DC4D26F3AA4100398BA2 /* Resources */ = {
			isa = PBXResourcesBuildPhase;
			buildActionMask = 2147483647;
			files = (
			);
			runOnlyForDeploymentPostprocessing = 0;
		};
/* End PBXResourcesBuildPhase section */

/* Begin PBXShellScriptBuildPhase section */
		00AD6393906924F8F6D6BC06 /* [CP] Check Pods Manifest.lock */ = {
			isa = PBXShellScriptBuildPhase;
			buildActionMask = 2147483647;
			files = (
			);
			inputFileListPaths = (
			);
			inputPaths = (
				"${PODS_PODFILE_DIR_PATH}/Podfile.lock",
				"${PODS_ROOT}/Manifest.lock",
			);
			name = "[CP] Check Pods Manifest.lock";
			outputFileListPaths = (
			);
			outputPaths = (
				"$(DERIVED_FILE_DIR)/Pods-myLearningSwiftUI-checkManifestLockResult.txt",
			);
			runOnlyForDeploymentPostprocessing = 0;
			shellPath = /bin/sh;
			shellScript = "diff \"${PODS_PODFILE_DIR_PATH}/Podfile.lock\" \"${PODS_ROOT}/Manifest.lock\" > /dev/null\nif [ $? != 0 ] ; then\n    # print error to STDERR\n    echo \"error: The sandbox is not in sync with the Podfile.lock. Run 'pod install' or update your CocoaPods installation.\" >&2\n    exit 1\nfi\n# This output is used by Xcode 'outputs' to avoid re-running this script phase.\necho \"SUCCESS\" > \"${SCRIPT_OUTPUT_FILE_0}\"\n";
			showEnvVarsInLog = 0;
		};
		14057EFB5E54EBE338920A62 /* [CP] Check Pods Manifest.lock */ = {
			isa = PBXShellScriptBuildPhase;
			buildActionMask = 2147483647;
			files = (
			);
			inputFileListPaths = (
			);
			inputPaths = (
				"${PODS_PODFILE_DIR_PATH}/Podfile.lock",
				"${PODS_ROOT}/Manifest.lock",
			);
			name = "[CP] Check Pods Manifest.lock";
			outputFileListPaths = (
			);
			outputPaths = (
				"$(DERIVED_FILE_DIR)/Pods-myLearningSwiftUI-myLearningSwiftUIUITests-checkManifestLockResult.txt",
			);
			runOnlyForDeploymentPostprocessing = 0;
			shellPath = /bin/sh;
			shellScript = "diff \"${PODS_PODFILE_DIR_PATH}/Podfile.lock\" \"${PODS_ROOT}/Manifest.lock\" > /dev/null\nif [ $? != 0 ] ; then\n    # print error to STDERR\n    echo \"error: The sandbox is not in sync with the Podfile.lock. Run 'pod install' or update your CocoaPods installation.\" >&2\n    exit 1\nfi\n# This output is used by Xcode 'outputs' to avoid re-running this script phase.\necho \"SUCCESS\" > \"${SCRIPT_OUTPUT_FILE_0}\"\n";
			showEnvVarsInLog = 0;
		};
		33C6613EA0A1619462C4240C /* [CP] Check Pods Manifest.lock */ = {
			isa = PBXShellScriptBuildPhase;
			buildActionMask = 2147483647;
			files = (
			);
			inputFileListPaths = (
			);
			inputPaths = (
				"${PODS_PODFILE_DIR_PATH}/Podfile.lock",
				"${PODS_ROOT}/Manifest.lock",
			);
			name = "[CP] Check Pods Manifest.lock";
			outputFileListPaths = (
			);
			outputPaths = (
				"$(DERIVED_FILE_DIR)/Pods-myLearningSwiftUITests-checkManifestLockResult.txt",
			);
			runOnlyForDeploymentPostprocessing = 0;
			shellPath = /bin/sh;
			shellScript = "diff \"${PODS_PODFILE_DIR_PATH}/Podfile.lock\" \"${PODS_ROOT}/Manifest.lock\" > /dev/null\nif [ $? != 0 ] ; then\n    # print error to STDERR\n    echo \"error: The sandbox is not in sync with the Podfile.lock. Run 'pod install' or update your CocoaPods installation.\" >&2\n    exit 1\nfi\n# This output is used by Xcode 'outputs' to avoid re-running this script phase.\necho \"SUCCESS\" > \"${SCRIPT_OUTPUT_FILE_0}\"\n";
			showEnvVarsInLog = 0;
		};
/* End PBXShellScriptBuildPhase section */

/* Begin PBXSourcesBuildPhase section */
		9144DC2A26F3AA3F00398BA2 /* Sources */ = {
			isa = PBXSourcesBuildPhase;
			buildActionMask = 2147483647;
			files = (
				9144DC3226F3AA3F00398BA2 /* AppDelegate.swift in Sources */,
				9144DC3426F3AA3F00398BA2 /* SceneDelegate.swift in Sources */,
				9144DC3626F3AA3F00398BA2 /* ContentView.swift in Sources */,
				9127893426F4030800E6EA96 /* Calculator.swift in Sources */,
				9127893126F3F7E600E6EA96 /* Login.swift in Sources */,
				91BDC8BB277D2B3B00C10356 /* ReduxView.swift in Sources */,
			);
			runOnlyForDeploymentPostprocessing = 0;
		};
		9144DC4026F3AA4100398BA2 /* Sources */ = {
			isa = PBXSourcesBuildPhase;
			buildActionMask = 2147483647;
			files = (
				9144DC4926F3AA4100398BA2 /* myLearningSwiftUITests.swift in Sources */,
			);
			runOnlyForDeploymentPostprocessing = 0;
		};
		9144DC4B26F3AA4100398BA2 /* Sources */ = {
			isa = PBXSourcesBuildPhase;
			buildActionMask = 2147483647;
			files = (
				9144DC5426F3AA4100398BA2 /* myLearningSwiftUIUITests.swift in Sources */,
			);
			runOnlyForDeploymentPostprocessing = 0;
		};
/* End PBXSourcesBuildPhase section */

/* Begin PBXTargetDependency section */
		9144DC4626F3AA4100398BA2 /* PBXTargetDependency */ = {
			isa = PBXTargetDependency;
			target = 9144DC2D26F3AA3F00398BA2 /* myLearningSwiftUI */;
			targetProxy = 9144DC4526F3AA4100398BA2 /* PBXContainerItemProxy */;
		};
		9144DC5126F3AA4100398BA2 /* PBXTargetDependency */ = {
			isa = PBXTargetDependency;
			target = 9144DC2D26F3AA3F00398BA2 /* myLearningSwiftUI */;
			targetProxy = 9144DC5026F3AA4100398BA2 /* PBXContainerItemProxy */;
		};
/* End PBXTargetDependency section */

/* Begin PBXVariantGroup section */
		9144DC3C26F3AA4100398BA2 /* LaunchScreen.storyboard */ = {
			isa = PBXVariantGroup;
			children = (
				9144DC3D26F3AA4100398BA2 /* Base */,
			);
			name = LaunchScreen.storyboard;
			sourceTree = "<group>";
		};
/* End PBXVariantGroup section */

/* Begin XCBuildConfiguration section */
		9144DC5626F3AA4100398BA2 /* Debug */ = {
			isa = XCBuildConfiguration;
			buildSettings = {
				ALWAYS_SEARCH_USER_PATHS = NO;
				CLANG_ANALYZER_NONNULL = YES;
				CLANG_ANALYZER_NUMBER_OBJECT_CONVERSION = YES_AGGRESSIVE;
				CLANG_CXX_LANGUAGE_STANDARD = "gnu++14";
				CLANG_CXX_LIBRARY = "libc++";
				CLANG_ENABLE_MODULES = YES;
				CLANG_ENABLE_OBJC_ARC = YES;
				CLANG_ENABLE_OBJC_WEAK = YES;
				CLANG_WARN_BLOCK_CAPTURE_AUTORELEASING = YES;
				CLANG_WARN_BOOL_CONVERSION = YES;
				CLANG_WARN_COMMA = YES;
				CLANG_WARN_CONSTANT_CONVERSION = YES;
				CLANG_WARN_DEPRECATED_OBJC_IMPLEMENTATIONS = YES;
				CLANG_WARN_DIRECT_OBJC_ISA_USAGE = YES_ERROR;
				CLANG_WARN_DOCUMENTATION_COMMENTS = YES;
				CLANG_WARN_EMPTY_BODY = YES;
				CLANG_WARN_ENUM_CONVERSION = YES;
				CLANG_WARN_INFINITE_RECURSION = YES;
				CLANG_WARN_INT_CONVERSION = YES;
				CLANG_WARN_NON_LITERAL_NULL_CONVERSION = YES;
				CLANG_WARN_OBJC_IMPLICIT_RETAIN_SELF = YES;
				CLANG_WARN_OBJC_LITERAL_CONVERSION = YES;
				CLANG_WARN_OBJC_ROOT_CLASS = YES_ERROR;
				CLANG_WARN_QUOTED_INCLUDE_IN_FRAMEWORK_HEADER = YES;
				CLANG_WARN_RANGE_LOOP_ANALYSIS = YES;
				CLANG_WARN_STRICT_PROTOTYPES = YES;
				CLANG_WARN_SUSPICIOUS_MOVE = YES;
				CLANG_WARN_UNGUARDED_AVAILABILITY = YES_AGGRESSIVE;
				CLANG_WARN_UNREACHABLE_CODE = YES;
				CLANG_WARN__DUPLICATE_METHOD_MATCH = YES;
				COPY_PHASE_STRIP = NO;
				DEBUG_INFORMATION_FORMAT = dwarf;
				ENABLE_STRICT_OBJC_MSGSEND = YES;
				ENABLE_TESTABILITY = YES;
				GCC_C_LANGUAGE_STANDARD = gnu11;
				GCC_DYNAMIC_NO_PIC = NO;
				GCC_NO_COMMON_BLOCKS = YES;
				GCC_OPTIMIZATION_LEVEL = 0;
				GCC_PREPROCESSOR_DEFINITIONS = (
					"DEBUG=1",
					"$(inherited)",
				);
				GCC_WARN_64_TO_32_BIT_CONVERSION = YES;
				GCC_WARN_ABOUT_RETURN_TYPE = YES_ERROR;
				GCC_WARN_UNDECLARED_SELECTOR = YES;
				GCC_WARN_UNINITIALIZED_AUTOS = YES_AGGRESSIVE;
				GCC_WARN_UNUSED_FUNCTION = YES;
				GCC_WARN_UNUSED_VARIABLE = YES;
				IPHONEOS_DEPLOYMENT_TARGET = 14.5;
				MTL_ENABLE_DEBUG_INFO = INCLUDE_SOURCE;
				MTL_FAST_MATH = YES;
				ONLY_ACTIVE_ARCH = YES;
				SDKROOT = iphoneos;
				SWIFT_ACTIVE_COMPILATION_CONDITIONS = DEBUG;
				SWIFT_OPTIMIZATION_LEVEL = "-Onone";
			};
			name = Debug;
		};
		9144DC5726F3AA4100398BA2 /* Release */ = {
			isa = XCBuildConfiguration;
			buildSettings = {
				ALWAYS_SEARCH_USER_PATHS = NO;
				CLANG_ANALYZER_NONNULL = YES;
				CLANG_ANALYZER_NUMBER_OBJECT_CONVERSION = YES_AGGRESSIVE;
				CLANG_CXX_LANGUAGE_STANDARD = "gnu++14";
				CLANG_CXX_LIBRARY = "libc++";
				CLANG_ENABLE_MODULES = YES;
				CLANG_ENABLE_OBJC_ARC = YES;
				CLANG_ENABLE_OBJC_WEAK = YES;
				CLANG_WARN_BLOCK_CAPTURE_AUTORELEASING = YES;
				CLANG_WARN_BOOL_CONVERSION = YES;
				CLANG_WARN_COMMA = YES;
				CLANG_WARN_CONSTANT_CONVERSION = YES;
				CLANG_WARN_DEPRECATED_OBJC_IMPLEMENTATIONS = YES;
				CLANG_WARN_DIRECT_OBJC_ISA_USAGE = YES_ERROR;
				CLANG_WARN_DOCUMENTATION_COMMENTS = YES;
				CLANG_WARN_EMPTY_BODY = YES;
				CLANG_WARN_ENUM_CONVERSION = YES;
				CLANG_WARN_INFINITE_RECURSION = YES;
				CLANG_WARN_INT_CONVERSION = YES;
				CLANG_WARN_NON_LITERAL_NULL_CONVERSION = YES;
				CLANG_WARN_OBJC_IMPLICIT_RETAIN_SELF = YES;
				CLANG_WARN_OBJC_LITERAL_CONVERSION = YES;
				CLANG_WARN_OBJC_ROOT_CLASS = YES_ERROR;
				CLANG_WARN_QUOTED_INCLUDE_IN_FRAMEWORK_HEADER = YES;
				CLANG_WARN_RANGE_LOOP_ANALYSIS = YES;
				CLANG_WARN_STRICT_PROTOTYPES = YES;
				CLANG_WARN_SUSPICIOUS_MOVE = YES;
				CLANG_WARN_UNGUARDED_AVAILABILITY = YES_AGGRESSIVE;
				CLANG_WARN_UNREACHABLE_CODE = YES;
				CLANG_WARN__DUPLICATE_METHOD_MATCH = YES;
				COPY_PHASE_STRIP = NO;
				DEBUG_INFORMATION_FORMAT = "dwarf-with-dsym";
				ENABLE_NS_ASSERTIONS = NO;
				ENABLE_STRICT_OBJC_MSGSEND = YES;
				GCC_C_LANGUAGE_STANDARD = gnu11;
				GCC_NO_COMMON_BLOCKS = YES;
				GCC_WARN_64_TO_32_BIT_CONVERSION = YES;
				GCC_WARN_ABOUT_RETURN_TYPE = YES_ERROR;
				GCC_WARN_UNDECLARED_SELECTOR = YES;
				GCC_WARN_UNINITIALIZED_AUTOS = YES_AGGRESSIVE;
				GCC_WARN_UNUSED_FUNCTION = YES;
				GCC_WARN_UNUSED_VARIABLE = YES;
				IPHONEOS_DEPLOYMENT_TARGET = 14.5;
				MTL_ENABLE_DEBUG_INFO = NO;
				MTL_FAST_MATH = YES;
				SDKROOT = iphoneos;
				SWIFT_COMPILATION_MODE = wholemodule;
				SWIFT_OPTIMIZATION_LEVEL = "-O";
				VALIDATE_PRODUCT = YES;
			};
			name = Release;
		};
		9144DC5926F3AA4100398BA2 /* Debug */ = {
			isa = XCBuildConfiguration;
			baseConfigurationReference = E1D538D5AF8FFC2D0D71828C /* Pods-myLearningSwiftUI.debug.xcconfig */;
			buildSettings = {
				ASSETCATALOG_COMPILER_APPICON_NAME = AppIcon;
				ASSETCATALOG_COMPILER_GLOBAL_ACCENT_COLOR_NAME = AccentColor;
				CODE_SIGN_STYLE = Automatic;
				DEVELOPMENT_ASSET_PATHS = "\"myLearningSwiftUI/Preview Content\"";
				DEVELOPMENT_TEAM = L3DN797DGV;
				ENABLE_PREVIEWS = YES;
				INFOPLIST_FILE = myLearningSwiftUI/Info.plist;
				LD_RUNPATH_SEARCH_PATHS = (
					"$(inherited)",
					"@executable_path/Frameworks",
				);
				PRODUCT_BUNDLE_IDENTIFIER = judagonsa.myLearningSwiftUI;
				PRODUCT_NAME = "$(TARGET_NAME)";
				SWIFT_VERSION = 5.0;
				TARGETED_DEVICE_FAMILY = "1,2";
			};
			name = Debug;
		};
		9144DC5A26F3AA4100398BA2 /* Release */ = {
			isa = XCBuildConfiguration;
			baseConfigurationReference = 16D902511F8274738B7DB3E4 /* Pods-myLearningSwiftUI.release.xcconfig */;
			buildSettings = {
				ASSETCATALOG_COMPILER_APPICON_NAME = AppIcon;
				ASSETCATALOG_COMPILER_GLOBAL_ACCENT_COLOR_NAME = AccentColor;
				CODE_SIGN_STYLE = Automatic;
				DEVELOPMENT_ASSET_PATHS = "\"myLearningSwiftUI/Preview Content\"";
				DEVELOPMENT_TEAM = L3DN797DGV;
				ENABLE_PREVIEWS = YES;
				INFOPLIST_FILE = myLearningSwiftUI/Info.plist;
				LD_RUNPATH_SEARCH_PATHS = (
					"$(inherited)",
					"@executable_path/Frameworks",
				);
				PRODUCT_BUNDLE_IDENTIFIER = judagonsa.myLearningSwiftUI;
				PRODUCT_NAME = "$(TARGET_NAME)";
				SWIFT_VERSION = 5.0;
				TARGETED_DEVICE_FAMILY = "1,2";
			};
			name = Release;
		};
		9144DC5C26F3AA4100398BA2 /* Debug */ = {
			isa = XCBuildConfiguration;
			baseConfigurationReference = 2B17C97EB42716A85E84F3FA /* Pods-myLearningSwiftUITests.debug.xcconfig */;
			buildSettings = {
				ALWAYS_EMBED_SWIFT_STANDARD_LIBRARIES = YES;
				BUNDLE_LOADER = "$(TEST_HOST)";
				CODE_SIGN_STYLE = Automatic;
				DEVELOPMENT_TEAM = L3DN797DGV;
				INFOPLIST_FILE = myLearningSwiftUITests/Info.plist;
				IPHONEOS_DEPLOYMENT_TARGET = 14.5;
				LD_RUNPATH_SEARCH_PATHS = (
					"$(inherited)",
					"@executable_path/Frameworks",
					"@loader_path/Frameworks",
				);
				PRODUCT_BUNDLE_IDENTIFIER = judagonsa.myLearningSwiftUITests;
				PRODUCT_NAME = "$(TARGET_NAME)";
				SWIFT_VERSION = 5.0;
				TARGETED_DEVICE_FAMILY = "1,2";
				TEST_HOST = "$(BUILT_PRODUCTS_DIR)/myLearningSwiftUI.app/myLearningSwiftUI";
			};
			name = Debug;
		};
		9144DC5D26F3AA4100398BA2 /* Release */ = {
			isa = XCBuildConfiguration;
			baseConfigurationReference = 83514C24554B10273A981EEF /* Pods-myLearningSwiftUITests.release.xcconfig */;
			buildSettings = {
				ALWAYS_EMBED_SWIFT_STANDARD_LIBRARIES = YES;
				BUNDLE_LOADER = "$(TEST_HOST)";
				CODE_SIGN_STYLE = Automatic;
				DEVELOPMENT_TEAM = L3DN797DGV;
				INFOPLIST_FILE = myLearningSwiftUITests/Info.plist;
				IPHONEOS_DEPLOYMENT_TARGET = 14.5;
				LD_RUNPATH_SEARCH_PATHS = (
					"$(inherited)",
					"@executable_path/Frameworks",
					"@loader_path/Frameworks",
				);
				PRODUCT_BUNDLE_IDENTIFIER = judagonsa.myLearningSwiftUITests;
				PRODUCT_NAME = "$(TARGET_NAME)";
				SWIFT_VERSION = 5.0;
				TARGETED_DEVICE_FAMILY = "1,2";
				TEST_HOST = "$(BUILT_PRODUCTS_DIR)/myLearningSwiftUI.app/myLearningSwiftUI";
			};
			name = Release;
		};
		9144DC5F26F3AA4100398BA2 /* Debug */ = {
			isa = XCBuildConfiguration;
			baseConfigurationReference = FD9FAE43DC6497FF7D9E0597 /* Pods-myLearningSwiftUI-myLearningSwiftUIUITests.debug.xcconfig */;
			buildSettings = {
				ALWAYS_EMBED_SWIFT_STANDARD_LIBRARIES = YES;
				CODE_SIGN_STYLE = Automatic;
				DEVELOPMENT_TEAM = L3DN797DGV;
				INFOPLIST_FILE = myLearningSwiftUIUITests/Info.plist;
				LD_RUNPATH_SEARCH_PATHS = (
					"$(inherited)",
					"@executable_path/Frameworks",
					"@loader_path/Frameworks",
				);
				PRODUCT_BUNDLE_IDENTIFIER = judagonsa.myLearningSwiftUIUITests;
				PRODUCT_NAME = "$(TARGET_NAME)";
				SWIFT_VERSION = 5.0;
				TARGETED_DEVICE_FAMILY = "1,2";
				TEST_TARGET_NAME = myLearningSwiftUI;
			};
			name = Debug;
		};
		9144DC6026F3AA4100398BA2 /* Release */ = {
			isa = XCBuildConfiguration;
			baseConfigurationReference = AEBE8414383CFA43657EEDB6 /* Pods-myLearningSwiftUI-myLearningSwiftUIUITests.release.xcconfig */;
			buildSettings = {
				ALWAYS_EMBED_SWIFT_STANDARD_LIBRARIES = YES;
				CODE_SIGN_STYLE = Automatic;
				DEVELOPMENT_TEAM = L3DN797DGV;
				INFOPLIST_FILE = myLearningSwiftUIUITests/Info.plist;
				LD_RUNPATH_SEARCH_PATHS = (
					"$(inherited)",
					"@executable_path/Frameworks",
					"@loader_path/Frameworks",
				);
				PRODUCT_BUNDLE_IDENTIFIER = judagonsa.myLearningSwiftUIUITests;
				PRODUCT_NAME = "$(TARGET_NAME)";
				SWIFT_VERSION = 5.0;
				TARGETED_DEVICE_FAMILY = "1,2";
				TEST_TARGET_NAME = myLearningSwiftUI;
			};
			name = Release;
		};
/* End XCBuildConfiguration section */

/* Begin XCConfigurationList section */
		9144DC2926F3AA3F00398BA2 /* Build configuration list for PBXProject "myLearningSwiftUI" */ = {
			isa = XCConfigurationList;
			buildConfigurations = (
				9144DC5626F3AA4100398BA2 /* Debug */,
				9144DC5726F3AA4100398BA2 /* Release */,
			);
			defaultConfigurationIsVisible = 0;
			defaultConfigurationName = Release;
		};
		9144DC5826F3AA4100398BA2 /* Build configuration list for PBXNativeTarget "myLearningSwiftUI" */ = {
			isa = XCConfigurationList;
			buildConfigurations = (
				9144DC5926F3AA4100398BA2 /* Debug */,
				9144DC5A26F3AA4100398BA2 /* Release */,
			);
			defaultConfigurationIsVisible = 0;
			defaultConfigurationName = Release;
		};
		9144DC5B26F3AA4100398BA2 /* Build configuration list for PBXNativeTarget "myLearningSwiftUITests" */ = {
			isa = XCConfigurationList;
			buildConfigurations = (
				9144DC5C26F3AA4100398BA2 /* Debug */,
				9144DC5D26F3AA4100398BA2 /* Release */,
			);
			defaultConfigurationIsVisible = 0;
			defaultConfigurationName = Release;
		};
		9144DC5E26F3AA4100398BA2 /* Build configuration list for PBXNativeTarget "myLearningSwiftUIUITests" */ = {
			isa = XCConfigurationList;
			buildConfigurations = (
				9144DC5F26F3AA4100398BA2 /* Debug */,
				9144DC6026F3AA4100398BA2 /* Release */,
			);
			defaultConfigurationIsVisible = 0;
			defaultConfigurationName = Release;
		};
/* End XCConfigurationList section */
	};
	rootObject = 9144DC2626F3AA3F00398BA2 /* Project object */;
}
